// !$*UTF8*$!
{
	archiveVersion = 1;
	classes = {
	};
	objectVersion = 50;
	objects = {

/* Begin PBXBuildFile section */
		C56F3AB721C7587400A61A7E /* AppDelegate.swift in Sources */ = {isa = PBXBuildFile; fileRef = C56F3AB621C7587400A61A7E /* AppDelegate.swift */; };
		C56F3AB921C7587400A61A7E /* ViewController.swift in Sources */ = {isa = PBXBuildFile; fileRef = C56F3AB821C7587400A61A7E /* ViewController.swift */; };
		C56F3ABC21C7587400A61A7E /* Main.storyboard in Resources */ = {isa = PBXBuildFile; fileRef = C56F3ABA21C7587400A61A7E /* Main.storyboard */; };
		C56F3ABE21C7587800A61A7E /* Assets.xcassets in Resources */ = {isa = PBXBuildFile; fileRef = C56F3ABD21C7587800A61A7E /* Assets.xcassets */; };
		C56F3AC121C7587800A61A7E /* LaunchScreen.storyboard in Resources */ = {isa = PBXBuildFile; fileRef = C56F3ABF21C7587800A61A7E /* LaunchScreen.storyboard */; };
		C56F3ACC21C7587900A61A7E /* First_DemoTests.swift in Sources */ = {isa = PBXBuildFile; fileRef = C56F3ACB21C7587900A61A7E /* First_DemoTests.swift */; };
/* End PBXBuildFile section */

/* Begin PBXContainerItemProxy section */
		C56F3AC821C7587900A61A7E /* PBXContainerItemProxy */ = {
			isa = PBXContainerItemProxy;
			containerPortal = C56F3AAB21C7587400A61A7E /* Project object */;
			proxyType = 1;
			remoteGlobalIDString = C56F3AB221C7587400A61A7E;
			remoteInfo = "First Demo";
		};
/* End PBXContainerItemProxy section */

/* Begin PBXFileReference section */
		C56F3AB321C7587400A61A7E /* First Demo.app */ = {isa = PBXFileReference; explicitFileType = wrapper.application; includeInIndex = 0; path = "First Demo.app"; sourceTree = BUILT_PRODUCTS_DIR; };
		C56F3AB621C7587400A61A7E /* AppDelegate.swift */ = {isa = PBXFileReference; lastKnownFileType = sourcecode.swift; path = AppDelegate.swift; sourceTree = "<group>"; };
		C56F3AB821C7587400A61A7E /* ViewController.swift */ = {isa = PBXFileReference; lastKnownFileType = sourcecode.swift; path = ViewController.swift; sourceTree = "<group>"; };
		C56F3ABB21C7587400A61A7E /* Base */ = {isa = PBXFileReference; lastKnownFileType = file.storyboard; name = Base; path = Base.lproj/Main.storyboard; sourceTree = "<group>"; };
		C56F3ABD21C7587800A61A7E /* Assets.xcassets */ = {isa = PBXFileReference; lastKnownFileType = folder.assetcatalog; path = Assets.xcassets; sourceTree = "<group>"; };
		C56F3AC021C7587800A61A7E /* Base */ = {isa = PBXFileReference; lastKnownFileType = file.storyboard; name = Base; path = Base.lproj/LaunchScreen.storyboard; sourceTree = "<group>"; };
		C56F3AC221C7587800A61A7E /* Info.plist */ = {isa = PBXFileReference; lastKnownFileType = text.plist.xml; path = Info.plist; sourceTree = "<group>"; };
		C56F3AC721C7587900A61A7E /* First DemoTests.xctest */ = {isa = PBXFileReference; explicitFileType = wrapper.cfbundle; includeInIndex = 0; path = "First DemoTests.xctest"; sourceTree = BUILT_PRODUCTS_DIR; };
		C56F3ACB21C7587900A61A7E /* First_DemoTests.swift */ = {isa = PBXFileReference; lastKnownFileType = sourcecode.swift; path = First_DemoTests.swift; sourceTree = "<group>"; };
		C56F3ACD21C7587900A61A7E /* Info.plist */ = {isa = PBXFileReference; lastKnownFileType = text.plist.xml; path = Info.plist; sourceTree = "<group>"; };
/* End PBXFileReference section */

/* Begin PBXFrameworksBuildPhase section */
		C56F3AB021C7587400A61A7E /* Frameworks */ = {
			isa = PBXFrameworksBuildPhase;
			buildActionMask = 2147483647;
			files = (
			);
			runOnlyForDeploymentPostprocessing = 0;
		};
		C56F3AC421C7587900A61A7E /* Frameworks */ = {
			isa = PBXFrameworksBuildPhase;
			buildActionMask = 2147483647;
			files = (
			);
			runOnlyForDeploymentPostprocessing = 0;
		};
/* End PBXFrameworksBuildPhase section */

/* Begin PBXGroup section */
		C56F3AAA21C7587400A61A7E = {
			isa = PBXGroup;
			children = (
				C56F3AB521C7587400A61A7E /* First Demo */,
				C56F3ACA21C7587900A61A7E /* First DemoTests */,
				C56F3AB421C7587400A61A7E /* Products */,
			);
			sourceTree = "<group>";
		};
		C56F3AB421C7587400A61A7E /* Products */ = {
			isa = PBXGroup;
			children = (
				C56F3AB321C7587400A61A7E /* First Demo.app */,
				C56F3AC721C7587900A61A7E /* First DemoTests.xctest */,
			);
			name = Products;
			sourceTree = "<group>";
		};
		C56F3AB521C7587400A61A7E /* First Demo */ = {
			isa = PBXGroup;
			children = (
				C56F3AB621C7587400A61A7E /* AppDelegate.swift */,
				C56F3AB821C7587400A61A7E /* ViewController.swift */,
				C56F3ABA21C7587400A61A7E /* Main.storyboard */,
				C56F3ABD21C7587800A61A7E /* Assets.xcassets */,
				C56F3ABF21C7587800A61A7E /* LaunchScreen.storyboard */,
				C56F3AC221C7587800A61A7E /* Info.plist */,
			);
			path = "First Demo";
			sourceTree = "<group>";
		};
		C56F3ACA21C7587900A61A7E /* First DemoTests */ = {
			isa = PBXGroup;
			children = (
				C56F3ACB21C7587900A61A7E /* First_DemoTests.swift */,
				C56F3ACD21C7587900A61A7E /* Info.plist */,
			);
			path = "First DemoTests";
			sourceTree = "<group>";
		};
/* End PBXGroup section */

/* Begin PBXNativeTarget section */
		C56F3AB221C7587400A61A7E /* First Demo */ = {
			isa = PBXNativeTarget;
			buildConfigurationList = C56F3AD021C7587900A61A7E /* Build configuration list for PBXNativeTarget "First Demo" */;
			buildPhases = (
				C56F3AAF21C7587400A61A7E /* Sources */,
				C56F3AB021C7587400A61A7E /* Frameworks */,
				C56F3AB121C7587400A61A7E /* Resources */,
			);
			buildRules = (
			);
			dependencies = (
			);
			name = "First Demo";
			productName = "First Demo";
			productReference = C56F3AB321C7587400A61A7E /* First Demo.app */;
			productType = "com.apple.product-type.application";
		};
		C56F3AC621C7587900A61A7E /* First DemoTests */ = {
			isa = PBXNativeTarget;
			buildConfigurationList = C56F3AD321C7587900A61A7E /* Build configuration list for PBXNativeTarget "First DemoTests" */;
			buildPhases = (
				C56F3AC321C7587900A61A7E /* Sources */,
				C56F3AC421C7587900A61A7E /* Frameworks */,
				C56F3AC521C7587900A61A7E /* Resources */,
			);
			buildRules = (
			);
			dependencies = (
				C56F3AC921C7587900A61A7E /* PBXTargetDependency */,
			);
			name = "First DemoTests";
			productName = "First DemoTests";
			productReference = C56F3AC721C7587900A61A7E /* First DemoTests.xctest */;
			productType = "com.apple.product-type.bundle.unit-test";
		};
/* End PBXNativeTarget section */

/* Begin PBXProject section */
		C56F3AAB21C7587400A61A7E /* Project object */ = {
			isa = PBXProject;
			attributes = {
				LastSwiftUpdateCheck = 1010;
				LastUpgradeCheck = 1010;
				ORGANIZATIONNAME = Twebble;
				TargetAttributes = {
					C56F3AB221C7587400A61A7E = {
						CreatedOnToolsVersion = 10.1;
					};
					C56F3AC621C7587900A61A7E = {
						CreatedOnToolsVersion = 10.1;
						TestTargetID = C56F3AB221C7587400A61A7E;
					};
				};
			};
			buildConfigurationList = C56F3AAE21C7587400A61A7E /* Build configuration list for PBXProject "First Demo" */;
			compatibilityVersion = "Xcode 9.3";
			developmentRegion = en;
			hasScannedForEncodings = 0;
			knownRegions = (
				en,
				Base,
			);
			mainGroup = C56F3AAA21C7587400A61A7E;
			productRefGroup = C56F3AB421C7587400A61A7E /* Products */;
			projectDirPath = "";
			projectRoot = "";
			targets = (
				C56F3AB221C7587400A61A7E /* First Demo */,
				C56F3AC621C7587900A61A7E /* First DemoTests */,
			);
		};
/* End PBXProject section */

/* Begin PBXResourcesBuildPhase section */
		C56F3AB121C7587400A61A7E /* Resources */ = {
			isa = PBXResourcesBuildPhase;
			buildActionMask = 2147483647;
			files = (
				C56F3AC121C7587800A61A7E /* LaunchScreen.storyboard in Resources */,
				C56F3ABE21C7587800A61A7E /* Assets.xcassets in Resources */,
				C56F3ABC21C7587400A61A7E /* Main.storyboard in Resources */,
			);
			runOnlyForDeploymentPostprocessing = 0;
		};
		C56F3AC521C7587900A61A7E /* Resources */ = {
			isa = PBXResourcesBuildPhase;
			buildActionMask = 2147483647;
			files = (
			);
			runOnlyForDeploymentPostprocessing = 0;
		};
/* End PBXResourcesBuildPhase section */

/* Begin PBXSourcesBuildPhase section */
		C56F3AAF21C7587400A61A7E /* Sources */ = {
			isa = PBXSourcesBuildPhase;
			buildActionMask = 2147483647;
			files = (
				C56F3AB921C7587400A61A7E /* ViewController.swift in Sources */,
				C56F3AB721C7587400A61A7E /* AppDelegate.swift in Sources */,
			);
			runOnlyForDeploymentPostprocessing = 0;
		};
		C56F3AC321C7587900A61A7E /* Sources */ = {
			isa = PBXSourcesBuildPhase;
			buildActionMask = 2147483647;
			files = (
				C56F3ACC21C7587900A61A7E /* First_DemoTests.swift in Sources */,
			);
			runOnlyForDeploymentPostprocessing = 0;
		};
/* End PBXSourcesBuildPhase section */

/* Begin PBXTargetDependency section */
		C56F3AC921C7587900A61A7E /* PBXTargetDependency */ = {
			isa = PBXTargetDependency;
			target = C56F3AB221C7587400A61A7E /* First Demo */;
			targetProxy = C56F3AC821C7587900A61A7E /* PBXContainerItemProxy */;
		};
/* End PBXTargetDependency section */

/* Begin PBXVariantGroup section */
		C56F3ABA21C7587400A61A7E /* Main.storyboard */ = {
			isa = PBXVariantGroup;
			children = (
				C56F3ABB21C7587400A61A7E /* Base */,
			);
			name = Main.storyboard;
			sourceTree = "<group>";
		};
		C56F3ABF21C7587800A61A7E /* LaunchScreen.storyboard */ = {
			isa = PBXVariantGroup;
			children = (
				C56F3AC021C7587800A61A7E /* Base */,
			);
			name = LaunchScreen.storyboard;
			sourceTree = "<group>";
		};
/* End PBXVariantGroup section */

/* Begin XCBuildConfiguration section */
		C56F3ACE21C7587900A61A7E /* Debug */ = {
			isa = XCBuildConfiguration;
			buildSettings = {
				ALWAYS_SEARCH_USER_PATHS = NO;
				CLANG_ANALYZER_NONNULL = YES;
				CLANG_ANALYZER_NUMBER_OBJECT_CONVERSION = YES_AGGRESSIVE;
				CLANG_CXX_LANGUAGE_STANDARD = "gnu++14";
				CLANG_CXX_LIBRARY = "libc++";
				CLANG_ENABLE_MODULES = YES;
				CLANG_ENABLE_OBJC_ARC = YES;
				CLANG_ENABLE_OBJC_WEAK = YES;
				CLANG_WARN_BLOCK_CAPTURE_AUTORELEASING = YES;
				CLANG_WARN_BOOL_CONVERSION = YES;
				CLANG_WARN_COMMA = YES;
				CLANG_WARN_CONSTANT_CONVERSION = YES;
				CLANG_WARN_DEPRECATED_OBJC_IMPLEMENTATIONS = YES;
				CLANG_WARN_DIRECT_OBJC_ISA_USAGE = YES_ERROR;
				CLANG_WARN_DOCUMENTATION_COMMENTS = YES;
				CLANG_WARN_EMPTY_BODY = YES;
				CLANG_WARN_ENUM_CONVERSION = YES;
				CLANG_WARN_INFINITE_RECURSION = YES;
				CLANG_WARN_INT_CONVERSION = YES;
				CLANG_WARN_NON_LITERAL_NULL_CONVERSION = YES;
				CLANG_WARN_OBJC_IMPLICIT_RETAIN_SELF = YES;
				CLANG_WARN_OBJC_LITERAL_CONVERSION = YES;
				CLANG_WARN_OBJC_ROOT_CLASS = YES_ERROR;
				CLANG_WARN_RANGE_LOOP_ANALYSIS = YES;
				CLANG_WARN_STRICT_PROTOTYPES = YES;
				CLANG_WARN_SUSPICIOUS_MOVE = YES;
				CLANG_WARN_UNGUARDED_AVAILABILITY = YES_AGGRESSIVE;
				CLANG_WARN_UNREACHABLE_CODE = YES;
				CLANG_WARN__DUPLICATE_METHOD_MATCH = YES;
				CODE_SIGN_IDENTITY = "iPhone Developer";
				COPY_PHASE_STRIP = NO;
				DEBUG_INFORMATION_FORMAT = dwarf;
				ENABLE_STRICT_OBJC_MSGSEND = YES;
				ENABLE_TESTABILITY = YES;
				GCC_C_LANGUAGE_STANDARD = gnu11;
				GCC_DYNAMIC_NO_PIC = NO;
				GCC_NO_COMMON_BLOCKS = YES;
				GCC_OPTIMIZATION_LEVEL = 0;
				GCC_PREPROCESSOR_DEFINITIONS = (
					"DEBUG=1",
					"$(inherited)",
				);
				GCC_WARN_64_TO_32_BIT_CONVERSION = YES;
				GCC_WARN_ABOUT_RETURN_TYPE = YES_ERROR;
				GCC_WARN_UNDECLARED_SELECTOR = YES;
				GCC_WARN_UNINITIALIZED_AUTOS = YES_AGGRESSIVE;
				GCC_WARN_UNUSED_FUNCTION = YES;
				GCC_WARN_UNUSED_VARIABLE = YES;
				IPHONEOS_DEPLOYMENT_TARGET = 12.1;
				MTL_ENABLE_DEBUG_INFO = INCLUDE_SOURCE;
				MTL_FAST_MATH = YES;
				ONLY_ACTIVE_ARCH = YES;
				SDKROOT = iphoneos;
				SWIFT_ACTIVE_COMPILATION_CONDITIONS = DEBUG;
				SWIFT_OPTIMIZATION_LEVEL = "-Onone";
			};
			name = Debug;
		};
		C56F3ACF21C7587900A61A7E /* Release */ = {
			isa = XCBuildConfiguration;
			buildSettings = {
				ALWAYS_SEARCH_USER_PATHS = NO;
				CLANG_ANALYZER_NONNULL = YES;
				CLANG_ANALYZER_NUMBER_OBJECT_CONVERSION = YES_AGGRESSIVE;
				CLANG_CXX_LANGUAGE_STANDARD = "gnu++14";
				CLANG_CXX_LIBRARY = "libc++";
				CLANG_ENABLE_MODULES = YES;
				CLANG_ENABLE_OBJC_ARC = YES;
				CLANG_ENABLE_OBJC_WEAK = YES;
				CLANG_WARN_BLOCK_CAPTURE_AUTORELEASING = YES;
				CLANG_WARN_BOOL_CONVERSION = YES;
				CLANG_WARN_COMMA = YES;
				CLANG_WARN_CONSTANT_CONVERSION = YES;
				CLANG_WARN_DEPRECATED_OBJC_IMPLEMENTATIONS = YES;
				CLANG_WARN_DIRECT_OBJC_ISA_USAGE = YES_ERROR;
				CLANG_WARN_DOCUMENTATION_COMMENTS = YES;
				CLANG_WARN_EMPTY_BODY = YES;
				CLANG_WARN_ENUM_CONVERSION = YES;
				CLANG_WARN_INFINITE_RECURSION = YES;
				CLANG_WARN_INT_CONVERSION = YES;
				CLANG_WARN_NON_LITERAL_NULL_CONVERSION = YES;
				CLANG_WARN_OBJC_IMPLICIT_RETAIN_SELF = YES;
				CLANG_WARN_OBJC_LITERAL_CONVERSION = YES;
				CLANG_WARN_OBJC_ROOT_CLASS = YES_ERROR;
				CLANG_WARN_RANGE_LOOP_ANALYSIS = YES;
				CLANG_WARN_STRICT_PROTOTYPES = YES;
				CLANG_WARN_SUSPICIOUS_MOVE = YES;
				CLANG_WARN_UNGUARDED_AVAILABILITY = YES_AGGRESSIVE;
				CLANG_WARN_UNREACHABLE_CODE = YES;
				CLANG_WARN__DUPLICATE_METHOD_MATCH = YES;
				CODE_SIGN_IDENTITY = "iPhone Developer";
				COPY_PHASE_STRIP = NO;
				DEBUG_INFORMATION_FORMAT = "dwarf-with-dsym";
				ENABLE_NS_ASSERTIONS = NO;
				ENABLE_STRICT_OBJC_MSGSEND = YES;
				GCC_C_LANGUAGE_STANDARD = gnu11;
				GCC_NO_COMMON_BLOCKS = YES;
				GCC_WARN_64_TO_32_BIT_CONVERSION = YES;
				GCC_WARN_ABOUT_RETURN_TYPE = YES_ERROR;
				GCC_WARN_UNDECLARED_SELECTOR = YES;
				GCC_WARN_UNINITIALIZED_AUTOS = YES_AGGRESSIVE;
				GCC_WARN_UNUSED_FUNCTION = YES;
				GCC_WARN_UNUSED_VARIABLE = YES;
				IPHONEOS_DEPLOYMENT_TARGET = 12.1;
				MTL_ENABLE_DEBUG_INFO = NO;
				MTL_FAST_MATH = YES;
				SDKROOT = iphoneos;
				SWIFT_COMPILATION_MODE = wholemodule;
				SWIFT_OPTIMIZATION_LEVEL = "-O";
				VALIDATE_PRODUCT = YES;
			};
			name = Release;
		};
		C56F3AD121C7587900A61A7E /* Debug */ = {
			isa = XCBuildConfiguration;
			buildSettings = {
				ASSETCATALOG_COMPILER_APPICON_NAME = AppIcon;
				CODE_SIGN_STYLE = Automatic;
				DEVELOPMENT_TEAM = B94C7U72JS;
				INFOPLIST_FILE = "First Demo/Info.plist";
				LD_RUNPATH_SEARCH_PATHS = (
					"$(inherited)",
					"@executable_path/Frameworks",
				);
				PRODUCT_BUNDLE_IDENTIFIER = "com.twebble.First-Demo";
				PRODUCT_NAME = "$(TARGET_NAME)";
				SWIFT_VERSION = 4.2;
				TARGETED_DEVICE_FAMILY = "1,2";
			};
			name = Debug;
		};
		C56F3AD221C7587900A61A7E /* Release */ = {
			isa = XCBuildConfiguration;
			buildSettings = {
				ASSETCATALOG_COMPILER_APPICON_NAME = AppIcon;
				CODE_SIGN_STYLE = Automatic;
				DEVELOPMENT_TEAM = B94C7U72JS;
				INFOPLIST_FILE = "First Demo/Info.plist";
				LD_RUNPATH_SEARCH_PATHS = (
					"$(inherited)",
					"@executable_path/Frameworks",
				);
				PRODUCT_BUNDLE_IDENTIFIER = "com.twebble.First-Demo";
				PRODUCT_NAME = "$(TARGET_NAME)";
				SWIFT_VERSION = 4.2;
				TARGETED_DEVICE_FAMILY = "1,2";
			};
			name = Release;
		};
		C56F3AD421C7587900A61A7E /* Debug */ = {
			isa = XCBuildConfiguration;
			buildSettings = {
				ALWAYS_EMBED_SWIFT_STANDARD_LIBRARIES = YES;
				BUNDLE_LOADER = "$(TEST_HOST)";
				CODE_SIGN_STYLE = Automatic;
				DEVELOPMENT_TEAM = B94C7U72JS;
				INFOPLIST_FILE = "First DemoTests/Info.plist";
				LD_RUNPATH_SEARCH_PATHS = (
					"$(inherited)",
					"@executable_path/Frameworks",
					"@loader_path/Frameworks",
				);
				PRODUCT_BUNDLE_IDENTIFIER = "com.twebble.First-DemoTests";
				PRODUCT_NAME = "$(TARGET_NAME)";
				SWIFT_VERSION = 4.2;
				TARGETED_DEVICE_FAMILY = "1,2";
				TEST_HOST = "$(BUILT_PRODUCTS_DIR)/First Demo.app/First Demo";
			};
			name = Debug;
		};
		C56F3AD521C7587900A61A7E /* Release */ = {
			isa = XCBuildConfiguration;
			buildSettings = {
				ALWAYS_EMBED_SWIFT_STANDARD_LIBRARIES = YES;
				BUNDLE_LOADER = "$(TEST_HOST)";
				CODE_SIGN_STYLE = Automatic;
				DEVELOPMENT_TEAM = B94C7U72JS;
				INFOPLIST_FILE = "First DemoTests/Info.plist";
				LD_RUNPATH_SEARCH_PATHS = (
					"$(inherited)",
					"@executable_path/Frameworks",
					"@loader_path/Frameworks",
				);
				PRODUCT_BUNDLE_IDENTIFIER = "com.twebble.First-DemoTests";
				PRODUCT_NAME = "$(TARGET_NAME)";
				SWIFT_VERSION = 4.2;
				TARGETED_DEVICE_FAMILY = "1,2";
				TEST_HOST = "$(BUILT_PRODUCTS_DIR)/First Demo.app/First Demo";
			};
			name = Release;
		};
/* End XCBuildConfiguration section */

/* Begin XCConfigurationList section */
		C56F3AAE21C7587400A61A7E /* Build configuration list for PBXProject "First Demo" */ = {
			isa = XCConfigurationList;
			buildConfigurations = (
				C56F3ACE21C7587900A61A7E /* Debug */,
				C56F3ACF21C7587900A61A7E /* Release */,
			);
			defaultConfigurationIsVisible = 0;
			defaultConfigurationName = Release;
		};
		C56F3AD021C7587900A61A7E /* Build configuration list for PBXNativeTarget "First Demo" */ = {
			isa = XCConfigurationList;
			buildConfigurations = (
				C56F3AD121C7587900A61A7E /* Debug */,
				C56F3AD221C7587900A61A7E /* Release */,
			);
			defaultConfigurationIsVisible = 0;
			defaultConfigurationName = Release;
		};
		C56F3AD321C7587900A61A7E /* Build configuration list for PBXNativeTarget "First DemoTests" */ = {
			isa = XCConfigurationList;
			buildConfigurations = (
				C56F3AD421C7587900A61A7E /* Debug */,
				C56F3AD521C7587900A61A7E /* Release */,
			);
			defaultConfigurationIsVisible = 0;
			defaultConfigurationName = Release;
		};
/* End XCConfigurationList section */
	};
	rootObject = C56F3AAB21C7587400A61A7E /* Project object */;
}
